
Microsoft Visual Studio Solution File, Format Version 12.00
# Visual Studio Version 17
VisualStudioVersion = 17.11.35312.102
MinimumVisualStudioVersion = 10.0.40219.1
Project("{9A19103F-16F7-4668-BE54-9A1E7A4F7556}") = "Web.Service.Api", "Web.Service.Api\Web.Service.Api.csproj", "{606907D5-D812-4DBC-9E8E-911F68BAE1A7}"
EndProject
Project("{9A19103F-16F7-4668-BE54-9A1E7A4F7556}") = "Web.Service.Services", "Web.Service.Services\Web.Service.Services.csproj", "{18FDDCED-F103-43AD-8985-B4AC6F6175CD}"
EndProject
Project("{9A19103F-16F7-4668-BE54-9A1E7A4F7556}") = "Web.Service.DataModel", "Web.Service.DataModel\Web.Service.DataModel.csproj", "{740F9DB1-74E7-4757-89E5-99B20C98D7F5}"
EndProject
Project("{9A19103F-16F7-4668-BE54-9A1E7A4F7556}") = "Web.Service.Services.Interfaces", "Web.Service.IServices\Web.Service.Services.Interfaces.csproj", "{1E30B501-AB5E-4E42-BB6D-EBC50AD4AC2F}"
EndProject
Project("{2150E333-8FDC-42A3-9474-1A3956D46DE8}") = "BusinessLogic", "BusinessLogic", "{CB32C857-0B42-45BD-B50C-BA57744E67C3}"
EndProject
Project("{2150E333-8FDC-42A3-9474-1A3956D46DE8}") = "Services", "Services", "{924A22DE-5B7B-4708-B79D-5F157AE364CA}"
EndProject
Project("{2150E333-8FDC-42A3-9474-1A3956D46DE8}") = "Models", "Models", "{E26D810B-A58D-4FDA-988F-2454006708D1}"
EndProject
Project("{9A19103F-16F7-4668-BE54-9A1E7A4F7556}") = "Web.Service.Mapper", "Web.Service.Mapper\Web.Service.Mapper.csproj", "{E06F5D2E-AA2B-487A-812A-A0F838DD8CC8}"
EndProject
Project("{9A19103F-16F7-4668-BE54-9A1E7A4F7556}") = "Web.Service.BusinessLogic", "Web.Service.BusinessLogic\Web.Service.BusinessLogic.csproj", "{298B99E9-6A12-466E-8FCC-D1E8393B7AFC}"
EndProject
Project("{9A19103F-16F7-4668-BE54-9A1E7A4F7556}") = "Web.Service.BusinessLogic.Interfaces", "Web.Service.IBusinessLogic\Web.Service.BusinessLogic.Interfaces.csproj", "{966C51B3-10AD-43F0-ACEE-27BF8C03D738}"
EndProject
Project("{9A19103F-16F7-4668-BE54-9A1E7A4F7556}") = "Web.Service.BusinessModel", "Web.Service.BusinessModel\Web.Service.BusinessModel.csproj", "{45D8FF40-AD17-4B9F-976F-D6B102ED9986}"
EndProject
Global
	GlobalSection(SolutionConfigurationPlatforms) = preSolution
		Debug|Any CPU = Debug|Any CPU
		Release|Any CPU = Release|Any CPU
	EndGlobalSection
	GlobalSection(ProjectConfigurationPlatforms) = postSolution
		{606907D5-D812-4DBC-9E8E-911F68BAE1A7}.Debug|Any CPU.ActiveCfg = Debug|Any CPU
		{606907D5-D812-4DBC-9E8E-911F68BAE1A7}.Debug|Any CPU.Build.0 = Debug|Any CPU
		{606907D5-D812-4DBC-9E8E-911F68BAE1A7}.Release|Any CPU.ActiveCfg = Release|Any CPU
		{606907D5-D812-4DBC-9E8E-911F68BAE1A7}.Release|Any CPU.Build.0 = Release|Any CPU
		{18FDDCED-F103-43AD-8985-B4AC6F6175CD}.Debug|Any CPU.ActiveCfg = Debug|Any CPU
		{18FDDCED-F103-43AD-8985-B4AC6F6175CD}.Debug|Any CPU.Build.0 = Debug|Any CPU
		{18FDDCED-F103-43AD-8985-B4AC6F6175CD}.Release|Any CPU.ActiveCfg = Release|Any CPU
		{18FDDCED-F103-43AD-8985-B4AC6F6175CD}.Release|Any CPU.Build.0 = Release|Any CPU
		{740F9DB1-74E7-4757-89E5-99B20C98D7F5}.Debug|Any CPU.ActiveCfg = Debug|Any CPU
		{740F9DB1-74E7-4757-89E5-99B20C98D7F5}.Debug|Any CPU.Build.0 = Debug|Any CPU
		{740F9DB1-74E7-4757-89E5-99B20C98D7F5}.Release|Any CPU.ActiveCfg = Release|Any CPU
		{740F9DB1-74E7-4757-89E5-99B20C98D7F5}.Release|Any CPU.Build.0 = Release|Any CPU
		{1E30B501-AB5E-4E42-BB6D-EBC50AD4AC2F}.Debug|Any CPU.ActiveCfg = Debug|Any CPU
		{1E30B501-AB5E-4E42-BB6D-EBC50AD4AC2F}.Debug|Any CPU.Build.0 = Debug|Any CPU
		{1E30B501-AB5E-4E42-BB6D-EBC50AD4AC2F}.Release|Any CPU.ActiveCfg = Release|Any CPU
		{1E30B501-AB5E-4E42-BB6D-EBC50AD4AC2F}.Release|Any CPU.Build.0 = Release|Any CPU
		{E06F5D2E-AA2B-487A-812A-A0F838DD8CC8}.Debug|Any CPU.ActiveCfg = Debug|Any CPU
		{E06F5D2E-AA2B-487A-812A-A0F838DD8CC8}.Debug|Any CPU.Build.0 = Debug|Any CPU
		{E06F5D2E-AA2B-487A-812A-A0F838DD8CC8}.Release|Any CPU.ActiveCfg = Release|Any CPU
		{E06F5D2E-AA2B-487A-812A-A0F838DD8CC8}.Release|Any CPU.Build.0 = Release|Any CPU
		{298B99E9-6A12-466E-8FCC-D1E8393B7AFC}.Debug|Any CPU.ActiveCfg = Debug|Any CPU
		{298B99E9-6A12-466E-8FCC-D1E8393B7AFC}.Debug|Any CPU.Build.0 = Debug|Any CPU
		{298B99E9-6A12-466E-8FCC-D1E8393B7AFC}.Release|Any CPU.ActiveCfg = Release|Any CPU
		{298B99E9-6A12-466E-8FCC-D1E8393B7AFC}.Release|Any CPU.Build.0 = Release|Any CPU
		{966C51B3-10AD-43F0-ACEE-27BF8C03D738}.Debug|Any CPU.ActiveCfg = Debug|Any CPU
		{966C51B3-10AD-43F0-ACEE-27BF8C03D738}.Debug|Any CPU.Build.0 = Debug|Any CPU
		{966C51B3-10AD-43F0-ACEE-27BF8C03D738}.Release|Any CPU.ActiveCfg = Release|Any CPU
		{966C51B3-10AD-43F0-ACEE-27BF8C03D738}.Release|Any CPU.Build.0 = Release|Any CPU
		{45D8FF40-AD17-4B9F-976F-D6B102ED9986}.Debug|Any CPU.ActiveCfg = Debug|Any CPU
		{45D8FF40-AD17-4B9F-976F-D6B102ED9986}.Debug|Any CPU.Build.0 = Debug|Any CPU
		{45D8FF40-AD17-4B9F-976F-D6B102ED9986}.Release|Any CPU.ActiveCfg = Release|Any CPU
		{45D8FF40-AD17-4B9F-976F-D6B102ED9986}.Release|Any CPU.Build.0 = Release|Any CPU
	EndGlobalSection
	GlobalSection(SolutionProperties) = preSolution
		HideSolutionNode = FALSE
	EndGlobalSection
	GlobalSection(NestedProjects) = preSolution
		{18FDDCED-F103-43AD-8985-B4AC6F6175CD} = {924A22DE-5B7B-4708-B79D-5F157AE364CA}
		{740F9DB1-74E7-4757-89E5-99B20C98D7F5} = {E26D810B-A58D-4FDA-988F-2454006708D1}
		{1E30B501-AB5E-4E42-BB6D-EBC50AD4AC2F} = {924A22DE-5B7B-4708-B79D-5F157AE364CA}
		{E06F5D2E-AA2B-487A-812A-A0F838DD8CC8} = {E26D810B-A58D-4FDA-988F-2454006708D1}
		{298B99E9-6A12-466E-8FCC-D1E8393B7AFC} = {CB32C857-0B42-45BD-B50C-BA57744E67C3}
		{966C51B3-10AD-43F0-ACEE-27BF8C03D738} = {CB32C857-0B42-45BD-B50C-BA57744E67C3}
		{45D8FF40-AD17-4B9F-976F-D6B102ED9986} = {E26D810B-A58D-4FDA-988F-2454006708D1}
	EndGlobalSection
	GlobalSection(ExtensibilityGlobals) = postSolution
		SolutionGuid = {E8DAB7D8-6F65-44CF-9B64-DBB81C8C4F52}
	EndGlobalSection
EndGlobal
